
Microsoft Visual Studio Solution File, Format Version 12.00
# Visual Studio Version 17
VisualStudioVersion = 17.2.32526.322
MinimumVisualStudioVersion = 10.0.40219.1
Project("{9092AA53-FB77-4645-B42D-1CCCA6BD08BD}") = "filemanager", "filemanager.njsproj", "{F9B3E017-5B12-4086-B239-9C2BC620A267}"
EndProject
Global
	GlobalSection(SolutionConfigurationPlatforms) = preSolution
		Debug|Any CPU = Debug|Any CPU
		Release|Any CPU = Release|Any CPU
	EndGlobalSection
	GlobalSection(ProjectConfigurationPlatforms) = postSolution
		{F9B3E017-5B12-4086-B239-9C2BC620A267}.Debug|Any CPU.ActiveCfg = Debug|Any CPU
		{F9B3E017-5B12-4086-B239-9C2BC620A267}.Debug|Any CPU.Build.0 = Debug|Any CPU
		{F9B3E017-5B12-4086-B239-9C2BC620A267}.Release|Any CPU.ActiveCfg = Release|Any CPU
		{F9B3E017-5B12-4086-B239-9C2BC620A267}.Release|Any CPU.Build.0 = Release|Any CPU
	EndGlobalSection
	GlobalSection(SolutionProperties) = preSolution
		HideSolutionNode = FALSE
	EndGlobalSection
	GlobalSection(ExtensibilityGlobals) = postSolution
		SolutionGuid = {26EF4B1D-19A3-41C4-A7BE-94CC19376CB0}
	EndGlobalSection
EndGlobal
